
Microsoft Visual Studio Solution File, Format Version 12.00
# Visual Studio Version 17
VisualStudioVersion = 17.1.32414.318
MinimumVisualStudioVersion = 10.0.40219.1
Project("{FAE04EC0-301F-11D3-BF4B-00C04F79EFBC}") = "FruitClassifierClient", "FruitClassifierClient.csproj", "{F302DC2B-1AEA-4B92-B36E-555ADED0C44C}"
EndProject
Global
	GlobalSection(SolutionConfigurationPlatforms) = preSolution
		Debug|Any CPU = Debug|Any CPU
		Release|Any CPU = Release|Any CPU
	EndGlobalSection
	GlobalSection(ProjectConfigurationPlatforms) = postSolution
		{F302DC2B-1AEA-4B92-B36E-555ADED0C44C}.Debug|Any CPU.ActiveCfg = Debug|Any CPU
		{F302DC2B-1AEA-4B92-B36E-555ADED0C44C}.Debug|Any CPU.Build.0 = Debug|Any CPU
		{F302DC2B-1AEA-4B92-B36E-555ADED0C44C}.Release|Any CPU.ActiveCfg = Release|Any CPU
		{F302DC2B-1AEA-4B92-B36E-555ADED0C44C}.Release|Any CPU.Build.0 = Release|Any CPU
	EndGlobalSection
	GlobalSection(SolutionProperties) = preSolution
		HideSolutionNode = FALSE
	EndGlobalSection
	GlobalSection(ExtensibilityGlobals) = postSolution
		SolutionGuid = {95A9BFA0-3786-4AF8-A607-E0EE934040DE}
	EndGlobalSection
EndGlobal
